{
  "name": "assets",
  "lockfileVersion": 3,
  "requires": true,
  "packages": {
    "": {
      "dependencies": {
        "plotly.js-dist": "^2.32.0"
      }
    },
    "node_modules/plotly.js-dist": {
      "version": "2.32.0",
      "resolved": "https://registry.npmjs.org/plotly.js-dist/-/plotly.js-dist-2.32.0.tgz",
      "integrity": "sha512-+RnvqNTJADe3ctmCMT2YOhXu4ZwYuBi7eD4FF0oyaJ8jWj65Ru6lZVnetr7T3ZvnU5BgQWbbId+tYgf0PBFkeQ=="
    }
  }
}
